
Microsoft Visual Studio Solution File, Format Version 12.00
# Visual Studio Version 17
VisualStudioVersion = 17.4.33213.308
MinimumVisualStudioVersion = 10.0.40219.1
Project("{FAE04EC0-301F-11D3-BF4B-00C04F79EFBC}") = "Palindromes2", "Palindromes2\Palindromes2.csproj", "{56C0DBE1-0E81-4250-96F4-0FA305393639}"
EndProject
Global
	GlobalSection(SolutionConfigurationPlatforms) = preSolution
		Debug|Any CPU = Debug|Any CPU
		Release|Any CPU = Release|Any CPU
	EndGlobalSection
	GlobalSection(ProjectConfigurationPlatforms) = postSolution
		{56C0DBE1-0E81-4250-96F4-0FA305393639}.Debug|Any CPU.ActiveCfg = Debug|Any CPU
		{56C0DBE1-0E81-4250-96F4-0FA305393639}.Debug|Any CPU.Build.0 = Debug|Any CPU
		{56C0DBE1-0E81-4250-96F4-0FA305393639}.Release|Any CPU.ActiveCfg = Release|Any CPU
		{56C0DBE1-0E81-4250-96F4-0FA305393639}.Release|Any CPU.Build.0 = Release|Any CPU
	EndGlobalSection
	GlobalSection(SolutionProperties) = preSolution
		HideSolutionNode = FALSE
	EndGlobalSection
	GlobalSection(ExtensibilityGlobals) = postSolution
		SolutionGuid = {8DD6025B-AE53-4A6A-A7F7-CCFE73AFA00B}
	EndGlobalSection
EndGlobal
